
Microsoft Visual Studio Solution File, Format Version 12.00
# Visual Studio Version 17
VisualStudioVersion = 17.5.33530.505
MinimumVisualStudioVersion = 10.0.40219.1
Project("{FAE04EC0-301F-11D3-BF4B-00C04F79EFBC}") = "NameSpaceFeud", "NameSpaceFeud\NameSpaceFeud.csproj", "{501302BD-1276-4CBF-8987-9F0E044CAD65}"
EndProject
Global
	GlobalSection(SolutionConfigurationPlatforms) = preSolution
		Debug|Any CPU = Debug|Any CPU
		Release|Any CPU = Release|Any CPU
	EndGlobalSection
	GlobalSection(ProjectConfigurationPlatforms) = postSolution
		{501302BD-1276-4CBF-8987-9F0E044CAD65}.Debug|Any CPU.ActiveCfg = Debug|Any CPU
		{501302BD-1276-4CBF-8987-9F0E044CAD65}.Debug|Any CPU.Build.0 = Debug|Any CPU
		{501302BD-1276-4CBF-8987-9F0E044CAD65}.Release|Any CPU.ActiveCfg = Release|Any CPU
		{501302BD-1276-4CBF-8987-9F0E044CAD65}.Release|Any CPU.Build.0 = Release|Any CPU
	EndGlobalSection
	GlobalSection(SolutionProperties) = preSolution
		HideSolutionNode = FALSE
	EndGlobalSection
	GlobalSection(ExtensibilityGlobals) = postSolution
		SolutionGuid = {FB32D541-39D8-46FD-8853-A085217382D5}
	EndGlobalSection
EndGlobal
